{
  "name": "signalk-libapp",
  "version": "1.0.0",
  "lockfileVersion": 3,
  "requires": true,
  "packages": {
    "": {
      "name": "signalk-libapp",
      "version": "1.0.0",
      "license": "Apache-2.0",
      "dependencies": {
        "signalk-libdelta": "github:pdjr-signalk/signalk-libdelta",
        "signalk-libnotification": "github:pdjr-signalk/signalk-libnotification"
      }
    },
    "node_modules/signalk-libdelta": {
      "version": "1.0.0",
      "resolved": "git+ssh://git@github.com/pdjr-signalk/signalk-libdelta.git#a47ffb5ee4c313035eb0fc274e2ee13dd00a4de4",
      "license": "Apache-2.0"
    },
    "node_modules/signalk-libnotification": {
      "version": "1.0.0",
      "resolved": "git+ssh://git@github.com/pdjr-signalk/signalk-libnotification.git#12f49539108393279b1fa0846d38b7f868634371",
      "license": "Apache-2.0"
    }
  }
}
